
Microsoft Visual Studio Solution File, Format Version 12.00
# Visual Studio Version 17
VisualStudioVersion = 17.12.35527.113 d17.12
MinimumVisualStudioVersion = 10.0.40219.1
Project("{FAE04EC0-301F-11D3-BF4B-00C04F79EFBC}") = "DataAnnotation_Regex", "DataAnnotation_Regex\DataAnnotation_Regex.csproj", "{E243EEC2-FBE7-40A6-8C33-66FCA08FE82B}"
EndProject
Project("{FAE04EC0-301F-11D3-BF4B-00C04F79EFBC}") = "RegularExpression", "..\RegularExpression\RegularExpression.csproj", "{BE40752E-7A50-4ED2-8F8B-35780CBE7E77}"
EndProject
Global
	GlobalSection(SolutionConfigurationPlatforms) = preSolution
		Debug|Any CPU = Debug|Any CPU
		Release|Any CPU = Release|Any CPU
	EndGlobalSection
	GlobalSection(ProjectConfigurationPlatforms) = postSolution
		{E243EEC2-FBE7-40A6-8C33-66FCA08FE82B}.Debug|Any CPU.ActiveCfg = Debug|Any CPU
		{E243EEC2-FBE7-40A6-8C33-66FCA08FE82B}.Debug|Any CPU.Build.0 = Debug|Any CPU
		{E243EEC2-FBE7-40A6-8C33-66FCA08FE82B}.Release|Any CPU.ActiveCfg = Release|Any CPU
		{E243EEC2-FBE7-40A6-8C33-66FCA08FE82B}.Release|Any CPU.Build.0 = Release|Any CPU
		{BE40752E-7A50-4ED2-8F8B-35780CBE7E77}.Debug|Any CPU.ActiveCfg = Debug|Any CPU
		{BE40752E-7A50-4ED2-8F8B-35780CBE7E77}.Debug|Any CPU.Build.0 = Debug|Any CPU
		{BE40752E-7A50-4ED2-8F8B-35780CBE7E77}.Release|Any CPU.ActiveCfg = Release|Any CPU
		{BE40752E-7A50-4ED2-8F8B-35780CBE7E77}.Release|Any CPU.Build.0 = Release|Any CPU
	EndGlobalSection
	GlobalSection(SolutionProperties) = preSolution
		HideSolutionNode = FALSE
	EndGlobalSection
EndGlobal
